{
  "version": 4,
  "terraform_version": "1.6.3",
  "serial": 3,
  "lineage": "73a669fc-4813-b5e8-ccbd-426eb865229f",
  "outputs": {},
  "resources": [
    {
      "module": "module.Test-Module",
      "mode": "managed",
      "type": "azurerm_resource_group",
      "name": "rg",
      "provider": "provider[\"registry.terraform.io/hashicorp/azurerm\"]",
      "instances": [
        {
          "index_key": "rg1",
          "schema_version": 0,
          "attributes": {
            "id": "/subscriptions/ca758615-983a-41fd-8712-751867d7fe40/resourceGroups/Demo-RK-rg1",
            "location": "eastus",
            "managed_by": "",
            "name": "Demo-RK-rg1",
            "tags": null,
            "timeouts": null
          },
          "sensitive_attributes": [],
          "private": "eyJlMmJmYjczMC1lY2FhLTExZTYtOGY4OC0zNDM2M2JjN2M0YzAiOnsiY3JlYXRlIjo1NDAwMDAwMDAwMDAwLCJkZWxldGUiOjU0MDAwMDAwMDAwMDAsInJlYWQiOjMwMDAwMDAwMDAwMCwidXBkYXRlIjo1NDAwMDAwMDAwMDAwfX0="
        }
      ]
    }
  ],
  "check_results": null
}
